
Microsoft Visual Studio Solution File, Format Version 12.00
# Visual Studio Version 17
VisualStudioVersion = 17.2.32526.322
MinimumVisualStudioVersion = 10.0.40219.1
Project("{FAE04EC0-301F-11D3-BF4B-00C04F79EFBC}") = "Prak12Test", "Prak12Test\Prak12Test.csproj", "{74D57476-7BAB-491C-BA75-6F9C09D433EA}"
EndProject
Project("{FAE04EC0-301F-11D3-BF4B-00C04F79EFBC}") = "Task1Lib", "Task1Lib\Task1Lib.csproj", "{EB42902D-7F84-42A6-9291-EA985146AB86}"
EndProject
Global
	GlobalSection(SolutionConfigurationPlatforms) = preSolution
		Debug|Any CPU = Debug|Any CPU
		Release|Any CPU = Release|Any CPU
	EndGlobalSection
	GlobalSection(ProjectConfigurationPlatforms) = postSolution
		{74D57476-7BAB-491C-BA75-6F9C09D433EA}.Debug|Any CPU.ActiveCfg = Debug|Any CPU
		{74D57476-7BAB-491C-BA75-6F9C09D433EA}.Debug|Any CPU.Build.0 = Debug|Any CPU
		{74D57476-7BAB-491C-BA75-6F9C09D433EA}.Release|Any CPU.ActiveCfg = Release|Any CPU
		{74D57476-7BAB-491C-BA75-6F9C09D433EA}.Release|Any CPU.Build.0 = Release|Any CPU
		{EB42902D-7F84-42A6-9291-EA985146AB86}.Debug|Any CPU.ActiveCfg = Debug|Any CPU
		{EB42902D-7F84-42A6-9291-EA985146AB86}.Debug|Any CPU.Build.0 = Debug|Any CPU
		{EB42902D-7F84-42A6-9291-EA985146AB86}.Release|Any CPU.ActiveCfg = Release|Any CPU
		{EB42902D-7F84-42A6-9291-EA985146AB86}.Release|Any CPU.Build.0 = Release|Any CPU
	EndGlobalSection
	GlobalSection(SolutionProperties) = preSolution
		HideSolutionNode = FALSE
	EndGlobalSection
	GlobalSection(ExtensibilityGlobals) = postSolution
		SolutionGuid = {F1285BFA-08AD-4BBB-A37F-0BCD96FBDB10}
	EndGlobalSection
EndGlobal
